// !$*UTF8*$!
{
	archiveVersion = 1;
	classes = {
	};
	objectVersion = 56;
	objects = {

/* Begin PBXBuildFile section */
		BB5EEAE52AA7556300A46A0E /* DesafioHacka07SpotifyApp.swift in Sources */ = {isa = PBXBuildFile; fileRef = BB5EEAE42AA7556300A46A0E /* DesafioHacka07SpotifyApp.swift */; };
		BB5EEAE72AA7556300A46A0E /* AlbumView.swift in Sources */ = {isa = PBXBuildFile; fileRef = BB5EEAE62AA7556300A46A0E /* AlbumView.swift */; };
		BB5EEAE92AA7556400A46A0E /* Assets.xcassets in Resources */ = {isa = PBXBuildFile; fileRef = BB5EEAE82AA7556400A46A0E /* Assets.xcassets */; };
		BB5EEAEC2AA7556400A46A0E /* Preview Assets.xcassets in Resources */ = {isa = PBXBuildFile; fileRef = BB5EEAEB2AA7556400A46A0E /* Preview Assets.xcassets */; };
		BB5EEAF72AA756A300A46A0E /* Song.swift in Sources */ = {isa = PBXBuildFile; fileRef = BB5EEAF62AA756A300A46A0E /* Song.swift */; };
		BB5EEAF92AA7573100A46A0E /* Playlist.swift in Sources */ = {isa = PBXBuildFile; fileRef = BB5EEAF82AA7573100A46A0E /* Playlist.swift */; };
		BB5EEB002AA758AE00A46A0E /* PlaylistsInfo.swift in Sources */ = {isa = PBXBuildFile; fileRef = BB5EEAFF2AA758AE00A46A0E /* PlaylistsInfo.swift */; };
		BB5EEB022AA7612F00A46A0E /* SongView.swift in Sources */ = {isa = PBXBuildFile; fileRef = BB5EEB012AA7612F00A46A0E /* SongView.swift */; };
/* End PBXBuildFile section */

/* Begin PBXFileReference section */
		BB5EEAE12AA7556300A46A0E /* DesafioHacka07Spotify.app */ = {isa = PBXFileReference; explicitFileType = wrapper.application; includeInIndex = 0; path = DesafioHacka07Spotify.app; sourceTree = BUILT_PRODUCTS_DIR; };
		BB5EEAE42AA7556300A46A0E /* DesafioHacka07SpotifyApp.swift */ = {isa = PBXFileReference; lastKnownFileType = sourcecode.swift; path = DesafioHacka07SpotifyApp.swift; sourceTree = "<group>"; };
		BB5EEAE62AA7556300A46A0E /* AlbumView.swift */ = {isa = PBXFileReference; lastKnownFileType = sourcecode.swift; path = AlbumView.swift; sourceTree = "<group>"; };
		BB5EEAE82AA7556400A46A0E /* Assets.xcassets */ = {isa = PBXFileReference; lastKnownFileType = folder.assetcatalog; path = Assets.xcassets; sourceTree = "<group>"; };
		BB5EEAEB2AA7556400A46A0E /* Preview Assets.xcassets */ = {isa = PBXFileReference; lastKnownFileType = folder.assetcatalog; path = "Preview Assets.xcassets"; sourceTree = "<group>"; };
		BB5EEAF62AA756A300A46A0E /* Song.swift */ = {isa = PBXFileReference; lastKnownFileType = sourcecode.swift; path = Song.swift; sourceTree = "<group>"; };
		BB5EEAF82AA7573100A46A0E /* Playlist.swift */ = {isa = PBXFileReference; lastKnownFileType = sourcecode.swift; path = Playlist.swift; sourceTree = "<group>"; };
		BB5EEAFF2AA758AE00A46A0E /* PlaylistsInfo.swift */ = {isa = PBXFileReference; lastKnownFileType = sourcecode.swift; path = PlaylistsInfo.swift; sourceTree = "<group>"; };
		BB5EEB012AA7612F00A46A0E /* SongView.swift */ = {isa = PBXFileReference; lastKnownFileType = sourcecode.swift; path = SongView.swift; sourceTree = "<group>"; };
/* End PBXFileReference section */

/* Begin PBXFrameworksBuildPhase section */
		BB5EEADE2AA7556300A46A0E /* Frameworks */ = {
			isa = PBXFrameworksBuildPhase;
			buildActionMask = 2147483647;
			files = (
			);
			runOnlyForDeploymentPostprocessing = 0;
		};
/* End PBXFrameworksBuildPhase section */

/* Begin PBXGroup section */
		BB5EEAD82AA7556300A46A0E = {
			isa = PBXGroup;
			children = (
				BB5EEAE32AA7556300A46A0E /* DesafioHacka07Spotify */,
				BB5EEAE22AA7556300A46A0E /* Products */,
			);
			sourceTree = "<group>";
		};
		BB5EEAE22AA7556300A46A0E /* Products */ = {
			isa = PBXGroup;
			children = (
				BB5EEAE12AA7556300A46A0E /* DesafioHacka07Spotify.app */,
			);
			name = Products;
			sourceTree = "<group>";
		};
		BB5EEAE32AA7556300A46A0E /* DesafioHacka07Spotify */ = {
			isa = PBXGroup;
			children = (
				BB5EEAF22AA7563300A46A0E /* Model */,
				BB5EEAF52AA7566700A46A0E /* View */,
				BB5EEAF32AA7564000A46A0E /* Resource */,
				BB5EEAF42AA7565400A46A0E /* Supporting */,
				BB5EEAEA2AA7556400A46A0E /* Preview Content */,
			);
			path = DesafioHacka07Spotify;
			sourceTree = "<group>";
		};
		BB5EEAEA2AA7556400A46A0E /* Preview Content */ = {
			isa = PBXGroup;
			children = (
				BB5EEAEB2AA7556400A46A0E /* Preview Assets.xcassets */,
			);
			path = "Preview Content";
			sourceTree = "<group>";
		};
		BB5EEAF22AA7563300A46A0E /* Model */ = {
			isa = PBXGroup;
			children = (
				BB5EEAF82AA7573100A46A0E /* Playlist.swift */,
				BB5EEAF62AA756A300A46A0E /* Song.swift */,
			);
			path = Model;
			sourceTree = "<group>";
		};
		BB5EEAF32AA7564000A46A0E /* Resource */ = {
			isa = PBXGroup;
			children = (
				BB5EEAE82AA7556400A46A0E /* Assets.xcassets */,
				BB5EEAFF2AA758AE00A46A0E /* PlaylistsInfo.swift */,
			);
			path = Resource;
			sourceTree = "<group>";
		};
		BB5EEAF42AA7565400A46A0E /* Supporting */ = {
			isa = PBXGroup;
			children = (
				BB5EEAE42AA7556300A46A0E /* DesafioHacka07SpotifyApp.swift */,
			);
			path = Supporting;
			sourceTree = "<group>";
		};
		BB5EEAF52AA7566700A46A0E /* View */ = {
			isa = PBXGroup;
			children = (
				BB5EEAE62AA7556300A46A0E /* AlbumView.swift */,
				BB5EEB012AA7612F00A46A0E /* SongView.swift */,
			);
			path = View;
			sourceTree = "<group>";
		};
/* End PBXGroup section */

/* Begin PBXNativeTarget section */
		BB5EEAE02AA7556300A46A0E /* DesafioHacka07Spotify */ = {
			isa = PBXNativeTarget;
			buildConfigurationList = BB5EEAEF2AA7556400A46A0E /* Build configuration list for PBXNativeTarget "DesafioHacka07Spotify" */;
			buildPhases = (
				BB5EEADD2AA7556300A46A0E /* Sources */,
				BB5EEADE2AA7556300A46A0E /* Frameworks */,
				BB5EEADF2AA7556300A46A0E /* Resources */,
			);
			buildRules = (
			);
			dependencies = (
			);
			name = DesafioHacka07Spotify;
			productName = DesafioHacka07Spotify;
			productReference = BB5EEAE12AA7556300A46A0E /* DesafioHacka07Spotify.app */;
			productType = "com.apple.product-type.application";
		};
/* End PBXNativeTarget section */

/* Begin PBXProject section */
		BB5EEAD92AA7556300A46A0E /* Project object */ = {
			isa = PBXProject;
			attributes = {
				BuildIndependentTargetsInParallel = 1;
				LastSwiftUpdateCheck = 1430;
				LastUpgradeCheck = 1430;
				TargetAttributes = {
					BB5EEAE02AA7556300A46A0E = {
						CreatedOnToolsVersion = 14.3.1;
					};
				};
			};
			buildConfigurationList = BB5EEADC2AA7556300A46A0E /* Build configuration list for PBXProject "DesafioHacka07Spotify" */;
			compatibilityVersion = "Xcode 14.0";
			developmentRegion = en;
			hasScannedForEncodings = 0;
			knownRegions = (
				en,
				Base,
			);
			mainGroup = BB5EEAD82AA7556300A46A0E;
			productRefGroup = BB5EEAE22AA7556300A46A0E /* Products */;
			projectDirPath = "";
			projectRoot = "";
			targets = (
				BB5EEAE02AA7556300A46A0E /* DesafioHacka07Spotify */,
			);
		};
/* End PBXProject section */

/* Begin PBXResourcesBuildPhase section */
		BB5EEADF2AA7556300A46A0E /* Resources */ = {
			isa = PBXResourcesBuildPhase;
			buildActionMask = 2147483647;
			files = (
				BB5EEAEC2AA7556400A46A0E /* Preview Assets.xcassets in Resources */,
				BB5EEAE92AA7556400A46A0E /* Assets.xcassets in Resources */,
			);
			runOnlyForDeploymentPostprocessing = 0;
		};
/* End PBXResourcesBuildPhase section */

/* Begin PBXSourcesBuildPhase section */
		BB5EEADD2AA7556300A46A0E /* Sources */ = {
			isa = PBXSourcesBuildPhase;
			buildActionMask = 2147483647;
			files = (
				BB5EEB002AA758AE00A46A0E /* PlaylistsInfo.swift in Sources */,
				BB5EEAF72AA756A300A46A0E /* Song.swift in Sources */,
				BB5EEAE72AA7556300A46A0E /* AlbumView.swift in Sources */,
				BB5EEB022AA7612F00A46A0E /* SongView.swift in Sources */,
				BB5EEAE52AA7556300A46A0E /* DesafioHacka07SpotifyApp.swift in Sources */,
				BB5EEAF92AA7573100A46A0E /* Playlist.swift in Sources */,
			);
			runOnlyForDeploymentPostprocessing = 0;
		};
/* End PBXSourcesBuildPhase section */

/* Begin XCBuildConfiguration section */
		BB5EEAED2AA7556400A46A0E /* Debug */ = {
			isa = XCBuildConfiguration;
			buildSettings = {
				ALWAYS_SEARCH_USER_PATHS = NO;
				CLANG_ANALYZER_NONNULL = YES;
				CLANG_ANALYZER_NUMBER_OBJECT_CONVERSION = YES_AGGRESSIVE;
				CLANG_CXX_LANGUAGE_STANDARD = "gnu++20";
				CLANG_ENABLE_MODULES = YES;
				CLANG_ENABLE_OBJC_ARC = YES;
				CLANG_ENABLE_OBJC_WEAK = YES;
				CLANG_WARN_BLOCK_CAPTURE_AUTORELEASING = YES;
				CLANG_WARN_BOOL_CONVERSION = YES;
				CLANG_WARN_COMMA = YES;
				CLANG_WARN_CONSTANT_CONVERSION = YES;
				CLANG_WARN_DEPRECATED_OBJC_IMPLEMENTATIONS = YES;
				CLANG_WARN_DIRECT_OBJC_ISA_USAGE = YES_ERROR;
				CLANG_WARN_DOCUMENTATION_COMMENTS = YES;
				CLANG_WARN_EMPTY_BODY = YES;
				CLANG_WARN_ENUM_CONVERSION = YES;
				CLANG_WARN_INFINITE_RECURSION = YES;
				CLANG_WARN_INT_CONVERSION = YES;
				CLANG_WARN_NON_LITERAL_NULL_CONVERSION = YES;
				CLANG_WARN_OBJC_IMPLICIT_RETAIN_SELF = YES;
				CLANG_WARN_OBJC_LITERAL_CONVERSION = YES;
				CLANG_WARN_OBJC_ROOT_CLASS = YES_ERROR;
				CLANG_WARN_QUOTED_INCLUDE_IN_FRAMEWORK_HEADER = YES;
				CLANG_WARN_RANGE_LOOP_ANALYSIS = YES;
				CLANG_WARN_STRICT_PROTOTYPES = YES;
				CLANG_WARN_SUSPICIOUS_MOVE = YES;
				CLANG_WARN_UNGUARDED_AVAILABILITY = YES_AGGRESSIVE;
				CLANG_WARN_UNREACHABLE_CODE = YES;
				CLANG_WARN__DUPLICATE_METHOD_MATCH = YES;
				COPY_PHASE_STRIP = NO;
				DEBUG_INFORMATION_FORMAT = dwarf;
				ENABLE_STRICT_OBJC_MSGSEND = YES;
				ENABLE_TESTABILITY = YES;
				GCC_C_LANGUAGE_STANDARD = gnu11;
				GCC_DYNAMIC_NO_PIC = NO;
				GCC_NO_COMMON_BLOCKS = YES;
				GCC_OPTIMIZATION_LEVEL = 0;
				GCC_PREPROCESSOR_DEFINITIONS = (
					"DEBUG=1",
					"$(inherited)",
				);
				GCC_WARN_64_TO_32_BIT_CONVERSION = YES;
				GCC_WARN_ABOUT_RETURN_TYPE = YES_ERROR;
				GCC_WARN_UNDECLARED_SELECTOR = YES;
				GCC_WARN_UNINITIALIZED_AUTOS = YES_AGGRESSIVE;
				GCC_WARN_UNUSED_FUNCTION = YES;
				GCC_WARN_UNUSED_VARIABLE = YES;
				IPHONEOS_DEPLOYMENT_TARGET = 16.4;
				MTL_ENABLE_DEBUG_INFO = INCLUDE_SOURCE;
				MTL_FAST_MATH = YES;
				ONLY_ACTIVE_ARCH = YES;
				SDKROOT = iphoneos;
				SWIFT_ACTIVE_COMPILATION_CONDITIONS = DEBUG;
				SWIFT_OPTIMIZATION_LEVEL = "-Onone";
			};
			name = Debug;
		};
		BB5EEAEE2AA7556400A46A0E /* Release */ = {
			isa = XCBuildConfiguration;
			buildSettings = {
				ALWAYS_SEARCH_USER_PATHS = NO;
				CLANG_ANALYZER_NONNULL = YES;
				CLANG_ANALYZER_NUMBER_OBJECT_CONVERSION = YES_AGGRESSIVE;
				CLANG_CXX_LANGUAGE_STANDARD = "gnu++20";
				CLANG_ENABLE_MODULES = YES;
				CLANG_ENABLE_OBJC_ARC = YES;
				CLANG_ENABLE_OBJC_WEAK = YES;
				CLANG_WARN_BLOCK_CAPTURE_AUTORELEASING = YES;
				CLANG_WARN_BOOL_CONVERSION = YES;
				CLANG_WARN_COMMA = YES;
				CLANG_WARN_CONSTANT_CONVERSION = YES;
				CLANG_WARN_DEPRECATED_OBJC_IMPLEMENTATIONS = YES;
				CLANG_WARN_DIRECT_OBJC_ISA_USAGE = YES_ERROR;
				CLANG_WARN_DOCUMENTATION_COMMENTS = YES;
				CLANG_WARN_EMPTY_BODY = YES;
				CLANG_WARN_ENUM_CONVERSION = YES;
				CLANG_WARN_INFINITE_RECURSION = YES;
				CLANG_WARN_INT_CONVERSION = YES;
				CLANG_WARN_NON_LITERAL_NULL_CONVERSION = YES;
				CLANG_WARN_OBJC_IMPLICIT_RETAIN_SELF = YES;
				CLANG_WARN_OBJC_LITERAL_CONVERSION = YES;
				CLANG_WARN_OBJC_ROOT_CLASS = YES_ERROR;
				CLANG_WARN_QUOTED_INCLUDE_IN_FRAMEWORK_HEADER = YES;
				CLANG_WARN_RANGE_LOOP_ANALYSIS = YES;
				CLANG_WARN_STRICT_PROTOTYPES = YES;
				CLANG_WARN_SUSPICIOUS_MOVE = YES;
				CLANG_WARN_UNGUARDED_AVAILABILITY = YES_AGGRESSIVE;
				CLANG_WARN_UNREACHABLE_CODE = YES;
				CLANG_WARN__DUPLICATE_METHOD_MATCH = YES;
				COPY_PHASE_STRIP = NO;
				DEBUG_INFORMATION_FORMAT = "dwarf-with-dsym";
				ENABLE_NS_ASSERTIONS = NO;
				ENABLE_STRICT_OBJC_MSGSEND = YES;
				GCC_C_LANGUAGE_STANDARD = gnu11;
				GCC_NO_COMMON_BLOCKS = YES;
				GCC_WARN_64_TO_32_BIT_CONVERSION = YES;
				GCC_WARN_ABOUT_RETURN_TYPE = YES_ERROR;
				GCC_WARN_UNDECLARED_SELECTOR = YES;
				GCC_WARN_UNINITIALIZED_AUTOS = YES_AGGRESSIVE;
				GCC_WARN_UNUSED_FUNCTION = YES;
				GCC_WARN_UNUSED_VARIABLE = YES;
				IPHONEOS_DEPLOYMENT_TARGET = 16.4;
				MTL_ENABLE_DEBUG_INFO = NO;
				MTL_FAST_MATH = YES;
				SDKROOT = iphoneos;
				SWIFT_COMPILATION_MODE = wholemodule;
				SWIFT_OPTIMIZATION_LEVEL = "-O";
				VALIDATE_PRODUCT = YES;
			};
			name = Release;
		};
		BB5EEAF02AA7556400A46A0E /* Debug */ = {
			isa = XCBuildConfiguration;
			buildSettings = {
				ASSETCATALOG_COMPILER_APPICON_NAME = AppIcon;
				ASSETCATALOG_COMPILER_GLOBAL_ACCENT_COLOR_NAME = AccentColor;
				CODE_SIGN_STYLE = Automatic;
				CURRENT_PROJECT_VERSION = 1;
				DEVELOPMENT_ASSET_PATHS = "\"DesafioHacka07Spotify/Preview Content\"";
				DEVELOPMENT_TEAM = UFS93RKF34;
				ENABLE_PREVIEWS = YES;
				GENERATE_INFOPLIST_FILE = YES;
				INFOPLIST_KEY_UIApplicationSceneManifest_Generation = YES;
				INFOPLIST_KEY_UIApplicationSupportsIndirectInputEvents = YES;
				INFOPLIST_KEY_UILaunchScreen_Generation = YES;
				INFOPLIST_KEY_UISupportedInterfaceOrientations_iPad = "UIInterfaceOrientationPortrait UIInterfaceOrientationPortraitUpsideDown UIInterfaceOrientationLandscapeLeft UIInterfaceOrientationLandscapeRight";
				INFOPLIST_KEY_UISupportedInterfaceOrientations_iPhone = "UIInterfaceOrientationPortrait UIInterfaceOrientationLandscapeLeft UIInterfaceOrientationLandscapeRight";
				LD_RUNPATH_SEARCH_PATHS = (
					"$(inherited)",
					"@executable_path/Frameworks",
				);
				MARKETING_VERSION = 1.0;
				PRODUCT_BUNDLE_IDENTIFIER = com.phsouza.DesafioHacka07Spotify;
				PRODUCT_NAME = "$(TARGET_NAME)";
				SWIFT_EMIT_LOC_STRINGS = YES;
				SWIFT_VERSION = 5.0;
				TARGETED_DEVICE_FAMILY = "1,2";
			};
			name = Debug;
		};
		BB5EEAF12AA7556400A46A0E /* Release */ = {
			isa = XCBuildConfiguration;
			buildSettings = {
				ASSETCATALOG_COMPILER_APPICON_NAME = AppIcon;
				ASSETCATALOG_COMPILER_GLOBAL_ACCENT_COLOR_NAME = AccentColor;
				CODE_SIGN_STYLE = Automatic;
				CURRENT_PROJECT_VERSION = 1;
				DEVELOPMENT_ASSET_PATHS = "\"DesafioHacka07Spotify/Preview Content\"";
				DEVELOPMENT_TEAM = UFS93RKF34;
				ENABLE_PREVIEWS = YES;
				GENERATE_INFOPLIST_FILE = YES;
				INFOPLIST_KEY_UIApplicationSceneManifest_Generation = YES;
				INFOPLIST_KEY_UIApplicationSupportsIndirectInputEvents = YES;
				INFOPLIST_KEY_UILaunchScreen_Generation = YES;
				INFOPLIST_KEY_UISupportedInterfaceOrientations_iPad = "UIInterfaceOrientationPortrait UIInterfaceOrientationPortraitUpsideDown UIInterfaceOrientationLandscapeLeft UIInterfaceOrientationLandscapeRight";
				INFOPLIST_KEY_UISupportedInterfaceOrientations_iPhone = "UIInterfaceOrientationPortrait UIInterfaceOrientationLandscapeLeft UIInterfaceOrientationLandscapeRight";
				LD_RUNPATH_SEARCH_PATHS = (
					"$(inherited)",
					"@executable_path/Frameworks",
				);
				MARKETING_VERSION = 1.0;
				PRODUCT_BUNDLE_IDENTIFIER = com.phsouza.DesafioHacka07Spotify;
				PRODUCT_NAME = "$(TARGET_NAME)";
				SWIFT_EMIT_LOC_STRINGS = YES;
				SWIFT_VERSION = 5.0;
				TARGETED_DEVICE_FAMILY = "1,2";
			};
			name = Release;
		};
/* End XCBuildConfiguration section */

/* Begin XCConfigurationList section */
		BB5EEADC2AA7556300A46A0E /* Build configuration list for PBXProject "DesafioHacka07Spotify" */ = {
			isa = XCConfigurationList;
			buildConfigurations = (
				BB5EEAED2AA7556400A46A0E /* Debug */,
				BB5EEAEE2AA7556400A46A0E /* Release */,
			);
			defaultConfigurationIsVisible = 0;
			defaultConfigurationName = Release;
		};
		BB5EEAEF2AA7556400A46A0E /* Build configuration list for PBXNativeTarget "DesafioHacka07Spotify" */ = {
			isa = XCConfigurationList;
			buildConfigurations = (
				BB5EEAF02AA7556400A46A0E /* Debug */,
				BB5EEAF12AA7556400A46A0E /* Release */,
			);
			defaultConfigurationIsVisible = 0;
			defaultConfigurationName = Release;
		};
/* End XCConfigurationList section */
	};
	rootObject = BB5EEAD92AA7556300A46A0E /* Project object */;
}
